
Microsoft Visual Studio Solution File, Format Version 12.00
# Visual Studio Version 16
VisualStudioVersion = 16.0.30907.101
MinimumVisualStudioVersion = 10.0.40219.1
Project("{9A19103F-16F7-4668-BE54-9A1E7A4F7556}") = "DataAccess", "DataAccess\DataAccess.csproj", "{595D6C72-1B65-483B-8CF4-BB0D76B23110}"
EndProject
Project("{9A19103F-16F7-4668-BE54-9A1E7A4F7556}") = "Business", "Business\Business.csproj", "{57757EC4-90C2-44FC-888A-7571A4253886}"
EndProject
Project("{9A19103F-16F7-4668-BE54-9A1E7A4F7556}") = "Entities", "Entities\Entities.csproj", "{85C941B6-6836-4315-83FD-2405973D67DD}"
EndProject
Project("{9A19103F-16F7-4668-BE54-9A1E7A4F7556}") = "ConsoleUI", "ConsoleUI\ConsoleUI.csproj", "{707AE7B7-5A47-4E74-A718-13AC91346C24}"
EndProject
Project("{9A19103F-16F7-4668-BE54-9A1E7A4F7556}") = "Core", "Core\Core.csproj", "{8A07D85E-4C96-428D-93C6-BE6075A7A865}"
EndProject
Project("{FAE04EC0-301F-11D3-BF4B-00C04F79EFBC}") = "WebAPI", "WebAPI\WebAPI.csproj", "{AA87AF87-8146-4360-9CFC-40C97D76BEE2}"
EndProject
Global
	GlobalSection(SolutionConfigurationPlatforms) = preSolution
		Debug|Any CPU = Debug|Any CPU
		Release|Any CPU = Release|Any CPU
	EndGlobalSection
	GlobalSection(ProjectConfigurationPlatforms) = postSolution
		{595D6C72-1B65-483B-8CF4-BB0D76B23110}.Debug|Any CPU.ActiveCfg = Debug|Any CPU
		{595D6C72-1B65-483B-8CF4-BB0D76B23110}.Debug|Any CPU.Build.0 = Debug|Any CPU
		{595D6C72-1B65-483B-8CF4-BB0D76B23110}.Release|Any CPU.ActiveCfg = Release|Any CPU
		{595D6C72-1B65-483B-8CF4-BB0D76B23110}.Release|Any CPU.Build.0 = Release|Any CPU
		{57757EC4-90C2-44FC-888A-7571A4253886}.Debug|Any CPU.ActiveCfg = Debug|Any CPU
		{57757EC4-90C2-44FC-888A-7571A4253886}.Debug|Any CPU.Build.0 = Debug|Any CPU
		{57757EC4-90C2-44FC-888A-7571A4253886}.Release|Any CPU.ActiveCfg = Release|Any CPU
		{57757EC4-90C2-44FC-888A-7571A4253886}.Release|Any CPU.Build.0 = Release|Any CPU
		{85C941B6-6836-4315-83FD-2405973D67DD}.Debug|Any CPU.ActiveCfg = Debug|Any CPU
		{85C941B6-6836-4315-83FD-2405973D67DD}.Debug|Any CPU.Build.0 = Debug|Any CPU
		{85C941B6-6836-4315-83FD-2405973D67DD}.Release|Any CPU.ActiveCfg = Release|Any CPU
		{85C941B6-6836-4315-83FD-2405973D67DD}.Release|Any CPU.Build.0 = Release|Any CPU
		{707AE7B7-5A47-4E74-A718-13AC91346C24}.Debug|Any CPU.ActiveCfg = Debug|Any CPU
		{707AE7B7-5A47-4E74-A718-13AC91346C24}.Debug|Any CPU.Build.0 = Debug|Any CPU
		{707AE7B7-5A47-4E74-A718-13AC91346C24}.Release|Any CPU.ActiveCfg = Release|Any CPU
		{707AE7B7-5A47-4E74-A718-13AC91346C24}.Release|Any CPU.Build.0 = Release|Any CPU
		{8A07D85E-4C96-428D-93C6-BE6075A7A865}.Debug|Any CPU.ActiveCfg = Debug|Any CPU
		{8A07D85E-4C96-428D-93C6-BE6075A7A865}.Debug|Any CPU.Build.0 = Debug|Any CPU
		{8A07D85E-4C96-428D-93C6-BE6075A7A865}.Release|Any CPU.ActiveCfg = Release|Any CPU
		{8A07D85E-4C96-428D-93C6-BE6075A7A865}.Release|Any CPU.Build.0 = Release|Any CPU
		{AA87AF87-8146-4360-9CFC-40C97D76BEE2}.Debug|Any CPU.ActiveCfg = Debug|Any CPU
		{AA87AF87-8146-4360-9CFC-40C97D76BEE2}.Debug|Any CPU.Build.0 = Debug|Any CPU
		{AA87AF87-8146-4360-9CFC-40C97D76BEE2}.Release|Any CPU.ActiveCfg = Release|Any CPU
		{AA87AF87-8146-4360-9CFC-40C97D76BEE2}.Release|Any CPU.Build.0 = Release|Any CPU
	EndGlobalSection
	GlobalSection(SolutionProperties) = preSolution
		HideSolutionNode = FALSE
	EndGlobalSection
	GlobalSection(ExtensibilityGlobals) = postSolution
		SolutionGuid = {7F2BABCF-CF49-4DCD-AFBC-60D491DA18E0}
	EndGlobalSection
EndGlobal
